// !$*UTF8*$!
{
	archiveVersion = 1;
	classes = {
	};
	objectVersion = 50;
	objects = {

/* Begin PBXBuildFile section */
		FA5493D522BF28A80055E200 /* RoomDetail.swift in Sources */ = {isa = PBXBuildFile; fileRef = FA5493D422BF28A80055E200 /* RoomDetail.swift */; };
		FA5493D822BF28DF0055E200 /* Room.swift in Sources */ = {isa = PBXBuildFile; fileRef = FA5493D722BF28DF0055E200 /* Room.swift */; };
		FA5493DB22BF32CA0055E200 /* RoomList.swift in Sources */ = {isa = PBXBuildFile; fileRef = FA5493DA22BF32CA0055E200 /* RoomList.swift */; };
		FA5493DD22BF3E570055E200 /* RoomStore.swift in Sources */ = {isa = PBXBuildFile; fileRef = FA5493DC22BF3E570055E200 /* RoomStore.swift */; };
		FA5493E222BF49E10055E200 /* OrderForm.swift in Sources */ = {isa = PBXBuildFile; fileRef = FA5493E122BF49E10055E200 /* OrderForm.swift */; };
		FA5493E522BF4A120055E200 /* Order.swift in Sources */ = {isa = PBXBuildFile; fileRef = FA5493E422BF4A120055E200 /* Order.swift */; };
		FA5493E722BF50A30055E200 /* OrderHistory.swift in Sources */ = {isa = PBXBuildFile; fileRef = FA5493E622BF50A30055E200 /* OrderHistory.swift */; };
		FA5493E922BF549C0055E200 /* IconOrientationEditor.swift in Sources */ = {isa = PBXBuildFile; fileRef = FA5493E822BF549C0055E200 /* IconOrientationEditor.swift */; };
		FA5493EB22BF6A750055E200 /* BasicIcon.swift in Sources */ = {isa = PBXBuildFile; fileRef = FA5493EA22BF6A750055E200 /* BasicIcon.swift */; };
		FA5493ED22BF82460055E200 /* EggPlacementView.swift in Sources */ = {isa = PBXBuildFile; fileRef = FA5493EC22BF82460055E200 /* EggPlacementView.swift */; };
		FA5493F122BF95780055E200 /* EggLocationPicker.swift in Sources */ = {isa = PBXBuildFile; fileRef = FA5493F022BF95780055E200 /* EggLocationPicker.swift */; };
		FAC36C3322BF05EC00F03CF9 /* AppDelegate.swift in Sources */ = {isa = PBXBuildFile; fileRef = FAC36C3222BF05EC00F03CF9 /* AppDelegate.swift */; };
		FAC36C3522BF05EC00F03CF9 /* SceneDelegate.swift in Sources */ = {isa = PBXBuildFile; fileRef = FAC36C3422BF05EC00F03CF9 /* SceneDelegate.swift */; };
		FAC36C3722BF05EC00F03CF9 /* ContentView.swift in Sources */ = {isa = PBXBuildFile; fileRef = FAC36C3622BF05EC00F03CF9 /* ContentView.swift */; };
		FAC36C3922BF05EE00F03CF9 /* Assets.xcassets in Resources */ = {isa = PBXBuildFile; fileRef = FAC36C3822BF05EE00F03CF9 /* Assets.xcassets */; };
		FAC36C3C22BF05EE00F03CF9 /* Preview Assets.xcassets in Resources */ = {isa = PBXBuildFile; fileRef = FAC36C3B22BF05EE00F03CF9 /* Preview Assets.xcassets */; };
		FAC36C3F22BF05EE00F03CF9 /* LaunchScreen.storyboard in Resources */ = {isa = PBXBuildFile; fileRef = FAC36C3D22BF05EE00F03CF9 /* LaunchScreen.storyboard */; };
		FAC36C4A22BF05EE00F03CF9 /* WWDCTests.swift in Sources */ = {isa = PBXBuildFile; fileRef = FAC36C4922BF05EE00F03CF9 /* WWDCTests.swift */; };
		FAC36C5522BF05EE00F03CF9 /* WWDCUITests.swift in Sources */ = {isa = PBXBuildFile; fileRef = FAC36C5422BF05EE00F03CF9 /* WWDCUITests.swift */; };
/* End PBXBuildFile section */

/* Begin PBXContainerItemProxy section */
		FAC36C4622BF05EE00F03CF9 /* PBXContainerItemProxy */ = {
			isa = PBXContainerItemProxy;
			containerPortal = FAC36C2722BF05EC00F03CF9 /* Project object */;
			proxyType = 1;
			remoteGlobalIDString = FAC36C2E22BF05EC00F03CF9;
			remoteInfo = WWDC;
		};
		FAC36C5122BF05EE00F03CF9 /* PBXContainerItemProxy */ = {
			isa = PBXContainerItemProxy;
			containerPortal = FAC36C2722BF05EC00F03CF9 /* Project object */;
			proxyType = 1;
			remoteGlobalIDString = FAC36C2E22BF05EC00F03CF9;
			remoteInfo = WWDC;
		};
/* End PBXContainerItemProxy section */

/* Begin PBXFileReference section */
		FA5493D422BF28A80055E200 /* RoomDetail.swift */ = {isa = PBXFileReference; lastKnownFileType = sourcecode.swift; path = RoomDetail.swift; sourceTree = "<group>"; };
		FA5493D722BF28DF0055E200 /* Room.swift */ = {isa = PBXFileReference; lastKnownFileType = sourcecode.swift; path = Room.swift; sourceTree = "<group>"; };
		FA5493DA22BF32CA0055E200 /* RoomList.swift */ = {isa = PBXFileReference; lastKnownFileType = sourcecode.swift; path = RoomList.swift; sourceTree = "<group>"; };
		FA5493DC22BF3E570055E200 /* RoomStore.swift */ = {isa = PBXFileReference; lastKnownFileType = sourcecode.swift; path = RoomStore.swift; sourceTree = "<group>"; };
		FA5493E122BF49E10055E200 /* OrderForm.swift */ = {isa = PBXFileReference; lastKnownFileType = sourcecode.swift; path = OrderForm.swift; sourceTree = "<group>"; };
		FA5493E422BF4A120055E200 /* Order.swift */ = {isa = PBXFileReference; lastKnownFileType = sourcecode.swift; path = Order.swift; sourceTree = "<group>"; };
		FA5493E622BF50A30055E200 /* OrderHistory.swift */ = {isa = PBXFileReference; lastKnownFileType = sourcecode.swift; path = OrderHistory.swift; sourceTree = "<group>"; };
		FA5493E822BF549C0055E200 /* IconOrientationEditor.swift */ = {isa = PBXFileReference; lastKnownFileType = sourcecode.swift; path = IconOrientationEditor.swift; sourceTree = "<group>"; };
		FA5493EA22BF6A750055E200 /* BasicIcon.swift */ = {isa = PBXFileReference; lastKnownFileType = sourcecode.swift; path = BasicIcon.swift; sourceTree = "<group>"; };
		FA5493EC22BF82460055E200 /* EggPlacementView.swift */ = {isa = PBXFileReference; lastKnownFileType = sourcecode.swift; path = EggPlacementView.swift; sourceTree = "<group>"; };
		FA5493F022BF95780055E200 /* EggLocationPicker.swift */ = {isa = PBXFileReference; lastKnownFileType = sourcecode.swift; path = EggLocationPicker.swift; sourceTree = "<group>"; };
		FAC36C2F22BF05EC00F03CF9 /* WWDC.app */ = {isa = PBXFileReference; explicitFileType = wrapper.application; includeInIndex = 0; path = WWDC.app; sourceTree = BUILT_PRODUCTS_DIR; };
		FAC36C3222BF05EC00F03CF9 /* AppDelegate.swift */ = {isa = PBXFileReference; lastKnownFileType = sourcecode.swift; path = AppDelegate.swift; sourceTree = "<group>"; };
		FAC36C3422BF05EC00F03CF9 /* SceneDelegate.swift */ = {isa = PBXFileReference; lastKnownFileType = sourcecode.swift; path = SceneDelegate.swift; sourceTree = "<group>"; };
		FAC36C3622BF05EC00F03CF9 /* ContentView.swift */ = {isa = PBXFileReference; lastKnownFileType = sourcecode.swift; path = ContentView.swift; sourceTree = "<group>"; };
		FAC36C3822BF05EE00F03CF9 /* Assets.xcassets */ = {isa = PBXFileReference; lastKnownFileType = folder.assetcatalog; path = Assets.xcassets; sourceTree = "<group>"; };
		FAC36C3B22BF05EE00F03CF9 /* Preview Assets.xcassets */ = {isa = PBXFileReference; lastKnownFileType = folder.assetcatalog; path = "Preview Assets.xcassets"; sourceTree = "<group>"; };
		FAC36C3E22BF05EE00F03CF9 /* Base */ = {isa = PBXFileReference; lastKnownFileType = file.storyboard; name = Base; path = Base.lproj/LaunchScreen.storyboard; sourceTree = "<group>"; };
		FAC36C4022BF05EE00F03CF9 /* Info.plist */ = {isa = PBXFileReference; lastKnownFileType = text.plist.xml; path = Info.plist; sourceTree = "<group>"; };
		FAC36C4522BF05EE00F03CF9 /* WWDCTests.xctest */ = {isa = PBXFileReference; explicitFileType = wrapper.cfbundle; includeInIndex = 0; path = WWDCTests.xctest; sourceTree = BUILT_PRODUCTS_DIR; };
		FAC36C4922BF05EE00F03CF9 /* WWDCTests.swift */ = {isa = PBXFileReference; lastKnownFileType = sourcecode.swift; path = WWDCTests.swift; sourceTree = "<group>"; };
		FAC36C4B22BF05EE00F03CF9 /* Info.plist */ = {isa = PBXFileReference; lastKnownFileType = text.plist.xml; path = Info.plist; sourceTree = "<group>"; };
		FAC36C5022BF05EE00F03CF9 /* WWDCUITests.xctest */ = {isa = PBXFileReference; explicitFileType = wrapper.cfbundle; includeInIndex = 0; path = WWDCUITests.xctest; sourceTree = BUILT_PRODUCTS_DIR; };
		FAC36C5422BF05EE00F03CF9 /* WWDCUITests.swift */ = {isa = PBXFileReference; lastKnownFileType = sourcecode.swift; path = WWDCUITests.swift; sourceTree = "<group>"; };
		FAC36C5622BF05EE00F03CF9 /* Info.plist */ = {isa = PBXFileReference; lastKnownFileType = text.plist.xml; path = Info.plist; sourceTree = "<group>"; };
/* End PBXFileReference section */

/* Begin PBXFrameworksBuildPhase section */
		FAC36C2C22BF05EC00F03CF9 /* Frameworks */ = {
			isa = PBXFrameworksBuildPhase;
			buildActionMask = 2147483647;
			files = (
			);
			runOnlyForDeploymentPostprocessing = 0;
		};
		FAC36C4222BF05EE00F03CF9 /* Frameworks */ = {
			isa = PBXFrameworksBuildPhase;
			buildActionMask = 2147483647;
			files = (
			);
			runOnlyForDeploymentPostprocessing = 0;
		};
		FAC36C4D22BF05EE00F03CF9 /* Frameworks */ = {
			isa = PBXFrameworksBuildPhase;
			buildActionMask = 2147483647;
			files = (
			);
			runOnlyForDeploymentPostprocessing = 0;
		};
/* End PBXFrameworksBuildPhase section */

/* Begin PBXGroup section */
		FA5493D622BF28AE0055E200 /* BuildFirstApp */ = {
			isa = PBXGroup;
			children = (
				FA5493D922BF28E80055E200 /* Model */,
				FA5493D422BF28A80055E200 /* RoomDetail.swift */,
				FA5493DA22BF32CA0055E200 /* RoomList.swift */,
			);
			path = BuildFirstApp;
			sourceTree = "<group>";
		};
		FA5493D922BF28E80055E200 /* Model */ = {
			isa = PBXGroup;
			children = (
				FA5493D722BF28DF0055E200 /* Room.swift */,
				FA5493DC22BF3E570055E200 /* RoomStore.swift */,
			);
			path = Model;
			sourceTree = "<group>";
		};
		FA5493E022BF49C60055E200 /* Essential */ = {
			isa = PBXGroup;
			children = (
				FA5493E322BF49FD0055E200 /* Model */,
				FA5493E122BF49E10055E200 /* OrderForm.swift */,
				FA5493E622BF50A30055E200 /* OrderHistory.swift */,
				FA5493E822BF549C0055E200 /* IconOrientationEditor.swift */,
				FA5493EA22BF6A750055E200 /* BasicIcon.swift */,
				FA5493EC22BF82460055E200 /* EggPlacementView.swift */,
				FA5493F022BF95780055E200 /* EggLocationPicker.swift */,
			);
			path = Essential;
			sourceTree = "<group>";
		};
		FA5493E322BF49FD0055E200 /* Model */ = {
			isa = PBXGroup;
			children = (
				FA5493E422BF4A120055E200 /* Order.swift */,
			);
			path = Model;
			sourceTree = "<group>";
		};
		FAC36C2622BF05EC00F03CF9 = {
			isa = PBXGroup;
			children = (
				FAC36C3122BF05EC00F03CF9 /* WWDC */,
				FAC36C4822BF05EE00F03CF9 /* WWDCTests */,
				FAC36C5322BF05EE00F03CF9 /* WWDCUITests */,
				FAC36C3022BF05EC00F03CF9 /* Products */,
			);
			sourceTree = "<group>";
		};
		FAC36C3022BF05EC00F03CF9 /* Products */ = {
			isa = PBXGroup;
			children = (
				FAC36C2F22BF05EC00F03CF9 /* WWDC.app */,
				FAC36C4522BF05EE00F03CF9 /* WWDCTests.xctest */,
				FAC36C5022BF05EE00F03CF9 /* WWDCUITests.xctest */,
			);
			name = Products;
			sourceTree = "<group>";
		};
		FAC36C3122BF05EC00F03CF9 /* WWDC */ = {
			isa = PBXGroup;
			children = (
				FA5493E022BF49C60055E200 /* Essential */,
				FA5493D622BF28AE0055E200 /* BuildFirstApp */,
				FAC36C3222BF05EC00F03CF9 /* AppDelegate.swift */,
				FAC36C3422BF05EC00F03CF9 /* SceneDelegate.swift */,
				FAC36C3622BF05EC00F03CF9 /* ContentView.swift */,
				FAC36C3822BF05EE00F03CF9 /* Assets.xcassets */,
				FAC36C3D22BF05EE00F03CF9 /* LaunchScreen.storyboard */,
				FAC36C4022BF05EE00F03CF9 /* Info.plist */,
				FAC36C3A22BF05EE00F03CF9 /* Preview Content */,
			);
			path = WWDC;
			sourceTree = "<group>";
		};
		FAC36C3A22BF05EE00F03CF9 /* Preview Content */ = {
			isa = PBXGroup;
			children = (
				FAC36C3B22BF05EE00F03CF9 /* Preview Assets.xcassets */,
			);
			path = "Preview Content";
			sourceTree = "<group>";
		};
		FAC36C4822BF05EE00F03CF9 /* WWDCTests */ = {
			isa = PBXGroup;
			children = (
				FAC36C4922BF05EE00F03CF9 /* WWDCTests.swift */,
				FAC36C4B22BF05EE00F03CF9 /* Info.plist */,
			);
			path = WWDCTests;
			sourceTree = "<group>";
		};
		FAC36C5322BF05EE00F03CF9 /* WWDCUITests */ = {
			isa = PBXGroup;
			children = (
				FAC36C5422BF05EE00F03CF9 /* WWDCUITests.swift */,
				FAC36C5622BF05EE00F03CF9 /* Info.plist */,
			);
			path = WWDCUITests;
			sourceTree = "<group>";
		};
/* End PBXGroup section */

/* Begin PBXNativeTarget section */
		FAC36C2E22BF05EC00F03CF9 /* WWDC */ = {
			isa = PBXNativeTarget;
			buildConfigurationList = FAC36C5922BF05EE00F03CF9 /* Build configuration list for PBXNativeTarget "WWDC" */;
			buildPhases = (
				FAC36C2B22BF05EC00F03CF9 /* Sources */,
				FAC36C2C22BF05EC00F03CF9 /* Frameworks */,
				FAC36C2D22BF05EC00F03CF9 /* Resources */,
			);
			buildRules = (
			);
			dependencies = (
			);
			name = WWDC;
			productName = WWDC;
			productReference = FAC36C2F22BF05EC00F03CF9 /* WWDC.app */;
			productType = "com.apple.product-type.application";
		};
		FAC36C4422BF05EE00F03CF9 /* WWDCTests */ = {
			isa = PBXNativeTarget;
			buildConfigurationList = FAC36C5C22BF05EE00F03CF9 /* Build configuration list for PBXNativeTarget "WWDCTests" */;
			buildPhases = (
				FAC36C4122BF05EE00F03CF9 /* Sources */,
				FAC36C4222BF05EE00F03CF9 /* Frameworks */,
				FAC36C4322BF05EE00F03CF9 /* Resources */,
			);
			buildRules = (
			);
			dependencies = (
				FAC36C4722BF05EE00F03CF9 /* PBXTargetDependency */,
			);
			name = WWDCTests;
			productName = WWDCTests;
			productReference = FAC36C4522BF05EE00F03CF9 /* WWDCTests.xctest */;
			productType = "com.apple.product-type.bundle.unit-test";
		};
		FAC36C4F22BF05EE00F03CF9 /* WWDCUITests */ = {
			isa = PBXNativeTarget;
			buildConfigurationList = FAC36C5F22BF05EE00F03CF9 /* Build configuration list for PBXNativeTarget "WWDCUITests" */;
			buildPhases = (
				FAC36C4C22BF05EE00F03CF9 /* Sources */,
				FAC36C4D22BF05EE00F03CF9 /* Frameworks */,
				FAC36C4E22BF05EE00F03CF9 /* Resources */,
			);
			buildRules = (
			);
			dependencies = (
				FAC36C5222BF05EE00F03CF9 /* PBXTargetDependency */,
			);
			name = WWDCUITests;
			productName = WWDCUITests;
			productReference = FAC36C5022BF05EE00F03CF9 /* WWDCUITests.xctest */;
			productType = "com.apple.product-type.bundle.ui-testing";
		};
/* End PBXNativeTarget section */

/* Begin PBXProject section */
		FAC36C2722BF05EC00F03CF9 /* Project object */ = {
			isa = PBXProject;
			attributes = {
				LastSwiftUpdateCheck = 1100;
				LastUpgradeCheck = 1100;
				ORGANIZATIONNAME = "June Chen";
				TargetAttributes = {
					FAC36C2E22BF05EC00F03CF9 = {
						CreatedOnToolsVersion = 11.0;
					};
					FAC36C4422BF05EE00F03CF9 = {
						CreatedOnToolsVersion = 11.0;
						TestTargetID = FAC36C2E22BF05EC00F03CF9;
					};
					FAC36C4F22BF05EE00F03CF9 = {
						CreatedOnToolsVersion = 11.0;
						TestTargetID = FAC36C2E22BF05EC00F03CF9;
					};
				};
			};
			buildConfigurationList = FAC36C2A22BF05EC00F03CF9 /* Build configuration list for PBXProject "WWDC" */;
			compatibilityVersion = "Xcode 9.3";
			developmentRegion = en;
			hasScannedForEncodings = 0;
			knownRegions = (
				en,
				Base,
			);
			mainGroup = FAC36C2622BF05EC00F03CF9;
			productRefGroup = FAC36C3022BF05EC00F03CF9 /* Products */;
			projectDirPath = "";
			projectRoot = "";
			targets = (
				FAC36C2E22BF05EC00F03CF9 /* WWDC */,
				FAC36C4422BF05EE00F03CF9 /* WWDCTests */,
				FAC36C4F22BF05EE00F03CF9 /* WWDCUITests */,
			);
		};
/* End PBXProject section */

/* Begin PBXResourcesBuildPhase section */
		FAC36C2D22BF05EC00F03CF9 /* Resources */ = {
			isa = PBXResourcesBuildPhase;
			buildActionMask = 2147483647;
			files = (
				FAC36C3F22BF05EE00F03CF9 /* LaunchScreen.storyboard in Resources */,
				FAC36C3C22BF05EE00F03CF9 /* Preview Assets.xcassets in Resources */,
				FAC36C3922BF05EE00F03CF9 /* Assets.xcassets in Resources */,
			);
			runOnlyForDeploymentPostprocessing = 0;
		};
		FAC36C4322BF05EE00F03CF9 /* Resources */ = {
			isa = PBXResourcesBuildPhase;
			buildActionMask = 2147483647;
			files = (
			);
			runOnlyForDeploymentPostprocessing = 0;
		};
		FAC36C4E22BF05EE00F03CF9 /* Resources */ = {
			isa = PBXResourcesBuildPhase;
			buildActionMask = 2147483647;
			files = (
			);
			runOnlyForDeploymentPostprocessing = 0;
		};
/* End PBXResourcesBuildPhase section */

/* Begin PBXSourcesBuildPhase section */
		FAC36C2B22BF05EC00F03CF9 /* Sources */ = {
			isa = PBXSourcesBuildPhase;
			buildActionMask = 2147483647;
			files = (
				FA5493DD22BF3E570055E200 /* RoomStore.swift in Sources */,
				FA5493DB22BF32CA0055E200 /* RoomList.swift in Sources */,
				FA5493E222BF49E10055E200 /* OrderForm.swift in Sources */,
				FA5493E522BF4A120055E200 /* Order.swift in Sources */,
				FA5493D822BF28DF0055E200 /* Room.swift in Sources */,
				FA5493E922BF549C0055E200 /* IconOrientationEditor.swift in Sources */,
				FA5493E722BF50A30055E200 /* OrderHistory.swift in Sources */,
				FAC36C3322BF05EC00F03CF9 /* AppDelegate.swift in Sources */,
				FA5493ED22BF82460055E200 /* EggPlacementView.swift in Sources */,
				FAC36C3522BF05EC00F03CF9 /* SceneDelegate.swift in Sources */,
				FA5493EB22BF6A750055E200 /* BasicIcon.swift in Sources */,
				FA5493F122BF95780055E200 /* EggLocationPicker.swift in Sources */,
				FAC36C3722BF05EC00F03CF9 /* ContentView.swift in Sources */,
				FA5493D522BF28A80055E200 /* RoomDetail.swift in Sources */,
			);
			runOnlyForDeploymentPostprocessing = 0;
		};
		FAC36C4122BF05EE00F03CF9 /* Sources */ = {
			isa = PBXSourcesBuildPhase;
			buildActionMask = 2147483647;
			files = (
				FAC36C4A22BF05EE00F03CF9 /* WWDCTests.swift in Sources */,
			);
			runOnlyForDeploymentPostprocessing = 0;
		};
		FAC36C4C22BF05EE00F03CF9 /* Sources */ = {
			isa = PBXSourcesBuildPhase;
			buildActionMask = 2147483647;
			files = (
				FAC36C5522BF05EE00F03CF9 /* WWDCUITests.swift in Sources */,
			);
			runOnlyForDeploymentPostprocessing = 0;
		};
/* End PBXSourcesBuildPhase section */

/* Begin PBXTargetDependency section */
		FAC36C4722BF05EE00F03CF9 /* PBXTargetDependency */ = {
			isa = PBXTargetDependency;
			target = FAC36C2E22BF05EC00F03CF9 /* WWDC */;
			targetProxy = FAC36C4622BF05EE00F03CF9 /* PBXContainerItemProxy */;
		};
		FAC36C5222BF05EE00F03CF9 /* PBXTargetDependency */ = {
			isa = PBXTargetDependency;
			target = FAC36C2E22BF05EC00F03CF9 /* WWDC */;
			targetProxy = FAC36C5122BF05EE00F03CF9 /* PBXContainerItemProxy */;
		};
/* End PBXTargetDependency section */

/* Begin PBXVariantGroup section */
		FAC36C3D22BF05EE00F03CF9 /* LaunchScreen.storyboard */ = {
			isa = PBXVariantGroup;
			children = (
				FAC36C3E22BF05EE00F03CF9 /* Base */,
			);
			name = LaunchScreen.storyboard;
			sourceTree = "<group>";
		};
/* End PBXVariantGroup section */

/* Begin XCBuildConfiguration section */
		FAC36C5722BF05EE00F03CF9 /* Debug */ = {
			isa = XCBuildConfiguration;
			buildSettings = {
				ALWAYS_SEARCH_USER_PATHS = NO;
				CLANG_ANALYZER_NONNULL = YES;
				CLANG_ANALYZER_NUMBER_OBJECT_CONVERSION = YES_AGGRESSIVE;
				CLANG_CXX_LANGUAGE_STANDARD = "gnu++14";
				CLANG_CXX_LIBRARY = "libc++";
				CLANG_ENABLE_MODULES = YES;
				CLANG_ENABLE_OBJC_ARC = YES;
				CLANG_ENABLE_OBJC_WEAK = YES;
				CLANG_WARN_BLOCK_CAPTURE_AUTORELEASING = YES;
				CLANG_WARN_BOOL_CONVERSION = YES;
				CLANG_WARN_COMMA = YES;
				CLANG_WARN_CONSTANT_CONVERSION = YES;
				CLANG_WARN_DEPRECATED_OBJC_IMPLEMENTATIONS = YES;
				CLANG_WARN_DIRECT_OBJC_ISA_USAGE = YES_ERROR;
				CLANG_WARN_DOCUMENTATION_COMMENTS = YES;
				CLANG_WARN_EMPTY_BODY = YES;
				CLANG_WARN_ENUM_CONVERSION = YES;
				CLANG_WARN_INFINITE_RECURSION = YES;
				CLANG_WARN_INT_CONVERSION = YES;
				CLANG_WARN_NON_LITERAL_NULL_CONVERSION = YES;
				CLANG_WARN_OBJC_IMPLICIT_RETAIN_SELF = YES;
				CLANG_WARN_OBJC_LITERAL_CONVERSION = YES;
				CLANG_WARN_OBJC_ROOT_CLASS = YES_ERROR;
				CLANG_WARN_RANGE_LOOP_ANALYSIS = YES;
				CLANG_WARN_STRICT_PROTOTYPES = YES;
				CLANG_WARN_SUSPICIOUS_MOVE = YES;
				CLANG_WARN_UNGUARDED_AVAILABILITY = YES_AGGRESSIVE;
				CLANG_WARN_UNREACHABLE_CODE = YES;
				CLANG_WARN__DUPLICATE_METHOD_MATCH = YES;
				COPY_PHASE_STRIP = NO;
				DEBUG_INFORMATION_FORMAT = dwarf;
				ENABLE_STRICT_OBJC_MSGSEND = YES;
				ENABLE_TESTABILITY = YES;
				GCC_C_LANGUAGE_STANDARD = gnu11;
				GCC_DYNAMIC_NO_PIC = NO;
				GCC_NO_COMMON_BLOCKS = YES;
				GCC_OPTIMIZATION_LEVEL = 0;
				GCC_PREPROCESSOR_DEFINITIONS = (
					"DEBUG=1",
					"$(inherited)",
				);
				GCC_WARN_64_TO_32_BIT_CONVERSION = YES;
				GCC_WARN_ABOUT_RETURN_TYPE = YES_ERROR;
				GCC_WARN_UNDECLARED_SELECTOR = YES;
				GCC_WARN_UNINITIALIZED_AUTOS = YES_AGGRESSIVE;
				GCC_WARN_UNUSED_FUNCTION = YES;
				GCC_WARN_UNUSED_VARIABLE = YES;
				IPHONEOS_DEPLOYMENT_TARGET = 13.0;
				MTL_ENABLE_DEBUG_INFO = INCLUDE_SOURCE;
				MTL_FAST_MATH = YES;
				ONLY_ACTIVE_ARCH = YES;
				SDKROOT = iphoneos;
				SWIFT_ACTIVE_COMPILATION_CONDITIONS = DEBUG;
				SWIFT_OPTIMIZATION_LEVEL = "-Onone";
			};
			name = Debug;
		};
		FAC36C5822BF05EE00F03CF9 /* Release */ = {
			isa = XCBuildConfiguration;
			buildSettings = {
				ALWAYS_SEARCH_USER_PATHS = NO;
				CLANG_ANALYZER_NONNULL = YES;
				CLANG_ANALYZER_NUMBER_OBJECT_CONVERSION = YES_AGGRESSIVE;
				CLANG_CXX_LANGUAGE_STANDARD = "gnu++14";
				CLANG_CXX_LIBRARY = "libc++";
				CLANG_ENABLE_MODULES = YES;
				CLANG_ENABLE_OBJC_ARC = YES;
				CLANG_ENABLE_OBJC_WEAK = YES;
				CLANG_WARN_BLOCK_CAPTURE_AUTORELEASING = YES;
				CLANG_WARN_BOOL_CONVERSION = YES;
				CLANG_WARN_COMMA = YES;
				CLANG_WARN_CONSTANT_CONVERSION = YES;
				CLANG_WARN_DEPRECATED_OBJC_IMPLEMENTATIONS = YES;
				CLANG_WARN_DIRECT_OBJC_ISA_USAGE = YES_ERROR;
				CLANG_WARN_DOCUMENTATION_COMMENTS = YES;
				CLANG_WARN_EMPTY_BODY = YES;
				CLANG_WARN_ENUM_CONVERSION = YES;
				CLANG_WARN_INFINITE_RECURSION = YES;
				CLANG_WARN_INT_CONVERSION = YES;
				CLANG_WARN_NON_LITERAL_NULL_CONVERSION = YES;
				CLANG_WARN_OBJC_IMPLICIT_RETAIN_SELF = YES;
				CLANG_WARN_OBJC_LITERAL_CONVERSION = YES;
				CLANG_WARN_OBJC_ROOT_CLASS = YES_ERROR;
				CLANG_WARN_RANGE_LOOP_ANALYSIS = YES;
				CLANG_WARN_STRICT_PROTOTYPES = YES;
				CLANG_WARN_SUSPICIOUS_MOVE = YES;
				CLANG_WARN_UNGUARDED_AVAILABILITY = YES_AGGRESSIVE;
				CLANG_WARN_UNREACHABLE_CODE = YES;
				CLANG_WARN__DUPLICATE_METHOD_MATCH = YES;
				COPY_PHASE_STRIP = NO;
				DEBUG_INFORMATION_FORMAT = "dwarf-with-dsym";
				ENABLE_NS_ASSERTIONS = NO;
				ENABLE_STRICT_OBJC_MSGSEND = YES;
				GCC_C_LANGUAGE_STANDARD = gnu11;
				GCC_NO_COMMON_BLOCKS = YES;
				GCC_WARN_64_TO_32_BIT_CONVERSION = YES;
				GCC_WARN_ABOUT_RETURN_TYPE = YES_ERROR;
				GCC_WARN_UNDECLARED_SELECTOR = YES;
				GCC_WARN_UNINITIALIZED_AUTOS = YES_AGGRESSIVE;
				GCC_WARN_UNUSED_FUNCTION = YES;
				GCC_WARN_UNUSED_VARIABLE = YES;
				IPHONEOS_DEPLOYMENT_TARGET = 13.0;
				MTL_ENABLE_DEBUG_INFO = NO;
				MTL_FAST_MATH = YES;
				SDKROOT = iphoneos;
				SWIFT_COMPILATION_MODE = wholemodule;
				SWIFT_OPTIMIZATION_LEVEL = "-O";
				VALIDATE_PRODUCT = YES;
			};
			name = Release;
		};
		FAC36C5A22BF05EE00F03CF9 /* Debug */ = {
			isa = XCBuildConfiguration;
			buildSettings = {
				ASSETCATALOG_COMPILER_APPICON_NAME = AppIcon;
				CODE_SIGN_STYLE = Automatic;
				DEVELOPMENT_ASSET_PATHS = "WWDC/Preview\\ Content";
				DEVELOPMENT_TEAM = YP4JL6SD54;
				ENABLE_PREVIEWS = YES;
				INFOPLIST_FILE = WWDC/Info.plist;
				LD_RUNPATH_SEARCH_PATHS = (
					"$(inherited)",
					"@executable_path/Frameworks",
				);
				PRODUCT_BUNDLE_IDENTIFIER = "June-Chen.WWDC";
				PRODUCT_NAME = "$(TARGET_NAME)";
				SWIFT_VERSION = 5.0;
				TARGETED_DEVICE_FAMILY = "1,2";
			};
			name = Debug;
		};
		FAC36C5B22BF05EE00F03CF9 /* Release */ = {
			isa = XCBuildConfiguration;
			buildSettings = {
				ASSETCATALOG_COMPILER_APPICON_NAME = AppIcon;
				CODE_SIGN_STYLE = Automatic;
				DEVELOPMENT_ASSET_PATHS = "WWDC/Preview\\ Content";
				DEVELOPMENT_TEAM = YP4JL6SD54;
				ENABLE_PREVIEWS = YES;
				INFOPLIST_FILE = WWDC/Info.plist;
				LD_RUNPATH_SEARCH_PATHS = (
					"$(inherited)",
					"@executable_path/Frameworks",
				);
				PRODUCT_BUNDLE_IDENTIFIER = "June-Chen.WWDC";
				PRODUCT_NAME = "$(TARGET_NAME)";
				SWIFT_VERSION = 5.0;
				TARGETED_DEVICE_FAMILY = "1,2";
			};
			name = Release;
		};
		FAC36C5D22BF05EE00F03CF9 /* Debug */ = {
			isa = XCBuildConfiguration;
			buildSettings = {
				ALWAYS_EMBED_SWIFT_STANDARD_LIBRARIES = YES;
				BUNDLE_LOADER = "$(TEST_HOST)";
				CODE_SIGN_STYLE = Automatic;
				DEVELOPMENT_TEAM = YP4JL6SD54;
				INFOPLIST_FILE = WWDCTests/Info.plist;
				LD_RUNPATH_SEARCH_PATHS = (
					"$(inherited)",
					"@executable_path/Frameworks",
					"@loader_path/Frameworks",
				);
				PRODUCT_BUNDLE_IDENTIFIER = "June-Chen.WWDCTests";
				PRODUCT_NAME = "$(TARGET_NAME)";
				SWIFT_VERSION = 5.0;
				TARGETED_DEVICE_FAMILY = "1,2";
				TEST_HOST = "$(BUILT_PRODUCTS_DIR)/WWDC.app/WWDC";
			};
			name = Debug;
		};
		FAC36C5E22BF05EE00F03CF9 /* Release */ = {
			isa = XCBuildConfiguration;
			buildSettings = {
				ALWAYS_EMBED_SWIFT_STANDARD_LIBRARIES = YES;
				BUNDLE_LOADER = "$(TEST_HOST)";
				CODE_SIGN_STYLE = Automatic;
				DEVELOPMENT_TEAM = YP4JL6SD54;
				INFOPLIST_FILE = WWDCTests/Info.plist;
				LD_RUNPATH_SEARCH_PATHS = (
					"$(inherited)",
					"@executable_path/Frameworks",
					"@loader_path/Frameworks",
				);
				PRODUCT_BUNDLE_IDENTIFIER = "June-Chen.WWDCTests";
				PRODUCT_NAME = "$(TARGET_NAME)";
				SWIFT_VERSION = 5.0;
				TARGETED_DEVICE_FAMILY = "1,2";
				TEST_HOST = "$(BUILT_PRODUCTS_DIR)/WWDC.app/WWDC";
			};
			name = Release;
		};
		FAC36C6022BF05EE00F03CF9 /* Debug */ = {
			isa = XCBuildConfiguration;
			buildSettings = {
				ALWAYS_EMBED_SWIFT_STANDARD_LIBRARIES = YES;
				CODE_SIGN_STYLE = Automatic;
				DEVELOPMENT_TEAM = YP4JL6SD54;
				INFOPLIST_FILE = WWDCUITests/Info.plist;
				LD_RUNPATH_SEARCH_PATHS = (
					"$(inherited)",
					"@executable_path/Frameworks",
					"@loader_path/Frameworks",
				);
				PRODUCT_BUNDLE_IDENTIFIER = "June-Chen.WWDCUITests";
				PRODUCT_NAME = "$(TARGET_NAME)";
				SWIFT_VERSION = 5.0;
				TARGETED_DEVICE_FAMILY = "1,2";
				TEST_TARGET_NAME = WWDC;
			};
			name = Debug;
		};
		FAC36C6122BF05EE00F03CF9 /* Release */ = {
			isa = XCBuildConfiguration;
			buildSettings = {
				ALWAYS_EMBED_SWIFT_STANDARD_LIBRARIES = YES;
				CODE_SIGN_STYLE = Automatic;
				DEVELOPMENT_TEAM = YP4JL6SD54;
				INFOPLIST_FILE = WWDCUITests/Info.plist;
				LD_RUNPATH_SEARCH_PATHS = (
					"$(inherited)",
					"@executable_path/Frameworks",
					"@loader_path/Frameworks",
				);
				PRODUCT_BUNDLE_IDENTIFIER = "June-Chen.WWDCUITests";
				PRODUCT_NAME = "$(TARGET_NAME)";
				SWIFT_VERSION = 5.0;
				TARGETED_DEVICE_FAMILY = "1,2";
				TEST_TARGET_NAME = WWDC;
			};
			name = Release;
		};
/* End XCBuildConfiguration section */

/* Begin XCConfigurationList section */
		FAC36C2A22BF05EC00F03CF9 /* Build configuration list for PBXProject "WWDC" */ = {
			isa = XCConfigurationList;
			buildConfigurations = (
				FAC36C5722BF05EE00F03CF9 /* Debug */,
				FAC36C5822BF05EE00F03CF9 /* Release */,
			);
			defaultConfigurationIsVisible = 0;
			defaultConfigurationName = Release;
		};
		FAC36C5922BF05EE00F03CF9 /* Build configuration list for PBXNativeTarget "WWDC" */ = {
			isa = XCConfigurationList;
			buildConfigurations = (
				FAC36C5A22BF05EE00F03CF9 /* Debug */,
				FAC36C5B22BF05EE00F03CF9 /* Release */,
			);
			defaultConfigurationIsVisible = 0;
			defaultConfigurationName = Release;
		};
		FAC36C5C22BF05EE00F03CF9 /* Build configuration list for PBXNativeTarget "WWDCTests" */ = {
			isa = XCConfigurationList;
			buildConfigurations = (
				FAC36C5D22BF05EE00F03CF9 /* Debug */,
				FAC36C5E22BF05EE00F03CF9 /* Release */,
			);
			defaultConfigurationIsVisible = 0;
			defaultConfigurationName = Release;
		};
		FAC36C5F22BF05EE00F03CF9 /* Build configuration list for PBXNativeTarget "WWDCUITests" */ = {
			isa = XCConfigurationList;
			buildConfigurations = (
				FAC36C6022BF05EE00F03CF9 /* Debug */,
				FAC36C6122BF05EE00F03CF9 /* Release */,
			);
			defaultConfigurationIsVisible = 0;
			defaultConfigurationName = Release;
		};
/* End XCConfigurationList section */
	};
	rootObject = FAC36C2722BF05EC00F03CF9 /* Project object */;
}
